
Microsoft Visual Studio Solution File, Format Version 12.00
# Visual Studio Version 17
VisualStudioVersion = 17.3.32929.385
MinimumVisualStudioVersion = 10.0.40219.1
Project("{FAE04EC0-301F-11D3-BF4B-00C04F79EFBC}") = "csharp-cibi-preferiti", "csharp-cibi-preferiti.csproj", "{B3E1364D-E7E2-4B0E-B035-DE7F290BDFE5}"
EndProject
Global
	GlobalSection(SolutionConfigurationPlatforms) = preSolution
		Debug|Any CPU = Debug|Any CPU
		Release|Any CPU = Release|Any CPU
	EndGlobalSection
	GlobalSection(ProjectConfigurationPlatforms) = postSolution
		{B3E1364D-E7E2-4B0E-B035-DE7F290BDFE5}.Debug|Any CPU.ActiveCfg = Debug|Any CPU
		{B3E1364D-E7E2-4B0E-B035-DE7F290BDFE5}.Debug|Any CPU.Build.0 = Debug|Any CPU
		{B3E1364D-E7E2-4B0E-B035-DE7F290BDFE5}.Release|Any CPU.ActiveCfg = Release|Any CPU
		{B3E1364D-E7E2-4B0E-B035-DE7F290BDFE5}.Release|Any CPU.Build.0 = Release|Any CPU
	EndGlobalSection
	GlobalSection(SolutionProperties) = preSolution
		HideSolutionNode = FALSE
	EndGlobalSection
	GlobalSection(ExtensibilityGlobals) = postSolution
		SolutionGuid = {24B79CF5-B58D-40A1-AB98-5E88F9DB6C0F}
	EndGlobalSection
EndGlobal
